
Microsoft Visual Studio Solution File, Format Version 11.00
# Visual Studio 2010
Project("{FAE04EC0-301F-11D3-BF4B-00C04F79EFBC}") = "Discord", "Discord\Discord.csproj", "{B292053F-9CCA-459F-BECE-56A459808ECD}"
EndProject
Global
	GlobalSection(SolutionConfigurationPlatforms) = preSolution
		Debug|Any CPU = Debug|Any CPU
		Release|Any CPU = Release|Any CPU
	EndGlobalSection
	GlobalSection(ProjectConfigurationPlatforms) = postSolution
		{B292053F-9CCA-459F-BECE-56A459808ECD}.Debug|Any CPU.ActiveCfg = Debug|Any CPU
		{B292053F-9CCA-459F-BECE-56A459808ECD}.Debug|Any CPU.Build.0 = Debug|Any CPU
		{B292053F-9CCA-459F-BECE-56A459808ECD}.Release|Any CPU.ActiveCfg = Release|Any CPU
		{B292053F-9CCA-459F-BECE-56A459808ECD}.Release|Any CPU.Build.0 = Release|Any CPU
	EndGlobalSection
	GlobalSection(SolutionProperties) = preSolution
		HideSolutionNode = FALSE
	EndGlobalSection
EndGlobal
